
Microsoft Visual Studio Solution File, Format Version 12.00
# Visual Studio Version 16
VisualStudioVersion = 16.0.31410.357
MinimumVisualStudioVersion = 10.0.40219.1
Project("{FAE04EC0-301F-11D3-BF4B-00C04F79EFBC}") = "HGV.Reaver.Bot", "HGV.Reaver.Bot\HGV.Reaver.Bot.csproj", "{615FA4CE-CBCD-4DE6-A0EC-63EC745E420C}"
EndProject
Global
	GlobalSection(SolutionConfigurationPlatforms) = preSolution
		Debug|Any CPU = Debug|Any CPU
		Release|Any CPU = Release|Any CPU
	EndGlobalSection
	GlobalSection(ProjectConfigurationPlatforms) = postSolution
		{615FA4CE-CBCD-4DE6-A0EC-63EC745E420C}.Debug|Any CPU.ActiveCfg = Debug|Any CPU
		{615FA4CE-CBCD-4DE6-A0EC-63EC745E420C}.Debug|Any CPU.Build.0 = Debug|Any CPU
		{615FA4CE-CBCD-4DE6-A0EC-63EC745E420C}.Release|Any CPU.ActiveCfg = Release|Any CPU
		{615FA4CE-CBCD-4DE6-A0EC-63EC745E420C}.Release|Any CPU.Build.0 = Release|Any CPU
	EndGlobalSection
	GlobalSection(SolutionProperties) = preSolution
		HideSolutionNode = FALSE
	EndGlobalSection
	GlobalSection(ExtensibilityGlobals) = postSolution
		SolutionGuid = {8741F749-1B07-47C0-9516-177C7CD6FC2E}
	EndGlobalSection
EndGlobal
